
Microsoft Visual Studio Solution File, Format Version 12.00
# Visual Studio Version 17
VisualStudioVersion = 17.8.34330.188
MinimumVisualStudioVersion = 10.0.40219.1
Project("{FAE04EC0-301F-11D3-BF4B-00C04F79EFBC}") = "particles", "particles\particles.csproj", "{831F796E-59E8-4451-80A4-A19038F772C6}"
EndProject
Global
	GlobalSection(SolutionConfigurationPlatforms) = preSolution
		Debug|Any CPU = Debug|Any CPU
		Release|Any CPU = Release|Any CPU
	EndGlobalSection
	GlobalSection(ProjectConfigurationPlatforms) = postSolution
		{831F796E-59E8-4451-80A4-A19038F772C6}.Debug|Any CPU.ActiveCfg = Debug|Any CPU
		{831F796E-59E8-4451-80A4-A19038F772C6}.Debug|Any CPU.Build.0 = Debug|Any CPU
		{831F796E-59E8-4451-80A4-A19038F772C6}.Release|Any CPU.ActiveCfg = Release|Any CPU
		{831F796E-59E8-4451-80A4-A19038F772C6}.Release|Any CPU.Build.0 = Release|Any CPU
	EndGlobalSection
	GlobalSection(SolutionProperties) = preSolution
		HideSolutionNode = FALSE
	EndGlobalSection
	GlobalSection(ExtensibilityGlobals) = postSolution
		SolutionGuid = {FE7C6E4A-638F-4226-B528-740CC422FDCB}
	EndGlobalSection
EndGlobal
